
Microsoft Visual Studio Solution File, Format Version 12.00
# Visual Studio Version 16
VisualStudioVersion = 16.0.30907.101
MinimumVisualStudioVersion = 10.0.40219.1
Project("{FAE04EC0-301F-11D3-BF4B-00C04F79EFBC}") = "ZorbsAlternateStart", "ZorbsAlternateStart.csproj", "{18BDCD25-ABA1-468B-B22E-7EB5BEBFD765}"
EndProject
Global
	GlobalSection(SolutionConfigurationPlatforms) = preSolution
		Debug|Any CPU = Debug|Any CPU
		Release|Any CPU = Release|Any CPU
	EndGlobalSection
	GlobalSection(ProjectConfigurationPlatforms) = postSolution
		{18BDCD25-ABA1-468B-B22E-7EB5BEBFD765}.Debug|Any CPU.ActiveCfg = Debug|Any CPU
		{18BDCD25-ABA1-468B-B22E-7EB5BEBFD765}.Debug|Any CPU.Build.0 = Debug|Any CPU
		{18BDCD25-ABA1-468B-B22E-7EB5BEBFD765}.Release|Any CPU.ActiveCfg = Release|Any CPU
		{18BDCD25-ABA1-468B-B22E-7EB5BEBFD765}.Release|Any CPU.Build.0 = Release|Any CPU
	EndGlobalSection
	GlobalSection(SolutionProperties) = preSolution
		HideSolutionNode = FALSE
	EndGlobalSection
	GlobalSection(ExtensibilityGlobals) = postSolution
		SolutionGuid = {1F0FDD8D-0C1E-496C-A049-92EF11A2C9AF}
	EndGlobalSection
EndGlobal
